<?xml version="1.0" encoding="utf-8"?>
<Project ToolsVersion="4.0" xmlns="http://schemas.microsoft.com/developer/msbuild/2003">
  <ItemGroup>
    <ClCompile Include="Client\Client.cpp" />
    <ClCompile Include="Game.cpp" />
    <ClCompile Include="Main.cpp" />
    <ClCompile Include="Systems\CollisionDetection.cpp" />
    <ClCompile Include="Systems\HealthSystem.cpp" />
    <ClCompile Include="Systems\MovementSystem.cpp" />
    <ClCompile Include="Systems\RenderSystem.cpp" />
    <ClCompile Include="Systems\ScoreSystem.cpp" />
  </ItemGroup>
  <ItemGroup>
    <ClInclude Include="Client\Client.h" />
    <ClInclude Include="Components\Components.h" />
    <ClInclude Include="Entities\Entities.h" />
    <ClInclude Include="Game.h" />
    <ClInclude Include="Systems\CollisionDetection.h" />
    <ClInclude Include="Systems\HealthSystem.h" />
    <ClInclude Include="Systems\MovementSystem.h" />
    <ClInclude Include="Systems\RenderSystem.h" />
    <ClInclude Include="Systems\ScoreSystem.h" />
    <ClInclude Include="Client\parseUtils.h" />
  </ItemGroup>
</Project>